lockfileVersion: '9.0'

settings:
  autoInstallPeers: true
  excludeLinksFromLockfile: false

importers:
  .:
    dependencies:
      '@filelinks/core':
        specifier: link:../../packages/core
        version: link:../../packages/core
      filelinks:
        specifier: link:../../packages/cli
        version: link:../../packages/cli
